
Microsoft Visual Studio Solution File, Format Version 12.00
# Visual Studio Version 17
VisualStudioVersion = 17.0.31912.275
MinimumVisualStudioVersion = 10.0.40219.1
Project("{8BC9CEB8-8B4A-11D0-8D11-00A0C91BC942}") = "GuessMyNumber", "GuessMyNumber\GuessMyNumber.vcxproj", "{8AD5FB9D-9D35-4646-BD1E-01499AC5AEAD}"
EndProject
Global
	GlobalSection(SolutionConfigurationPlatforms) = preSolution
		Debug|x64 = Debug|x64
		Debug|x86 = Debug|x86
		Release|x64 = Release|x64
		Release|x86 = Release|x86
	EndGlobalSection
	GlobalSection(ProjectConfigurationPlatforms) = postSolution
		{8AD5FB9D-9D35-4646-BD1E-01499AC5AEAD}.Debug|x64.ActiveCfg = Debug|x64
		{8AD5FB9D-9D35-4646-BD1E-01499AC5AEAD}.Debug|x64.Build.0 = Debug|x64
		{8AD5FB9D-9D35-4646-BD1E-01499AC5AEAD}.Debug|x86.ActiveCfg = Debug|Win32
		{8AD5FB9D-9D35-4646-BD1E-01499AC5AEAD}.Debug|x86.Build.0 = Debug|Win32
		{8AD5FB9D-9D35-4646-BD1E-01499AC5AEAD}.Release|x64.ActiveCfg = Release|x64
		{8AD5FB9D-9D35-4646-BD1E-01499AC5AEAD}.Release|x64.Build.0 = Release|x64
		{8AD5FB9D-9D35-4646-BD1E-01499AC5AEAD}.Release|x86.ActiveCfg = Release|Win32
		{8AD5FB9D-9D35-4646-BD1E-01499AC5AEAD}.Release|x86.Build.0 = Release|Win32
	EndGlobalSection
	GlobalSection(SolutionProperties) = preSolution
		HideSolutionNode = FALSE
	EndGlobalSection
	GlobalSection(ExtensibilityGlobals) = postSolution
		SolutionGuid = {E39A3A50-68C5-413D-9B3A-397FC2ED3422}
	EndGlobalSection
EndGlobal
